
Microsoft Visual Studio Solution File, Format Version 12.00
# Visual Studio Version 16
VisualStudioVersion = 16.0.31507.150
MinimumVisualStudioVersion = 10.0.40219.1
Project("{9A19103F-16F7-4668-BE54-9A1E7A4F7556}") = "ManikinMadness", "ManikinFun\ManikinMadness.csproj", "{7F9D5630-CF2B-4E63-828E-0D2447FD3252}"
EndProject
Project("{9A19103F-16F7-4668-BE54-9A1E7A4F7556}") = "ManikinMadness.Library", "ManikinMadness.Library\ManikinMadness.Library.csproj", "{A79E249F-833E-4BFF-9072-FD5B295B5B80}"
EndProject
Project("{FAE04EC0-301F-11D3-BF4B-00C04F79EFBC}") = "ManikinMadness.SetCreator", "ManikinMadness.SetCreator\ManikinMadness.SetCreator.csproj", "{449CAF7C-945B-4DB6-ADED-9B351715C664}"
EndProject
Global
	GlobalSection(SolutionConfigurationPlatforms) = preSolution
		Debug|Any CPU = Debug|Any CPU
		Release|Any CPU = Release|Any CPU
	EndGlobalSection
	GlobalSection(ProjectConfigurationPlatforms) = postSolution
		{7F9D5630-CF2B-4E63-828E-0D2447FD3252}.Debug|Any CPU.ActiveCfg = Debug|Any CPU
		{7F9D5630-CF2B-4E63-828E-0D2447FD3252}.Debug|Any CPU.Build.0 = Debug|Any CPU
		{7F9D5630-CF2B-4E63-828E-0D2447FD3252}.Release|Any CPU.ActiveCfg = Release|Any CPU
		{7F9D5630-CF2B-4E63-828E-0D2447FD3252}.Release|Any CPU.Build.0 = Release|Any CPU
		{A79E249F-833E-4BFF-9072-FD5B295B5B80}.Debug|Any CPU.ActiveCfg = Debug|Any CPU
		{A79E249F-833E-4BFF-9072-FD5B295B5B80}.Debug|Any CPU.Build.0 = Debug|Any CPU
		{A79E249F-833E-4BFF-9072-FD5B295B5B80}.Release|Any CPU.ActiveCfg = Release|Any CPU
		{A79E249F-833E-4BFF-9072-FD5B295B5B80}.Release|Any CPU.Build.0 = Release|Any CPU
		{449CAF7C-945B-4DB6-ADED-9B351715C664}.Debug|Any CPU.ActiveCfg = Debug|Any CPU
		{449CAF7C-945B-4DB6-ADED-9B351715C664}.Debug|Any CPU.Build.0 = Debug|Any CPU
		{449CAF7C-945B-4DB6-ADED-9B351715C664}.Release|Any CPU.ActiveCfg = Release|Any CPU
		{449CAF7C-945B-4DB6-ADED-9B351715C664}.Release|Any CPU.Build.0 = Release|Any CPU
	EndGlobalSection
	GlobalSection(SolutionProperties) = preSolution
		HideSolutionNode = FALSE
	EndGlobalSection
	GlobalSection(ExtensibilityGlobals) = postSolution
		SolutionGuid = {29A55E58-F088-403D-AAD9-56041CCB4E48}
	EndGlobalSection
EndGlobal
